
Microsoft Visual Studio Solution File, Format Version 12.00
# Visual Studio Version 17
VisualStudioVersion = 17.11.35222.181
MinimumVisualStudioVersion = 10.0.40219.1
Project("{FAE04EC0-301F-11D3-BF4B-00C04F79EFBC}") = "ATM", "ATM\ATM.csproj", "{0B347695-6FAC-4E3A-9085-6E10D84EE571}"
EndProject
Global
	GlobalSection(SolutionConfigurationPlatforms) = preSolution
		Debug|Any CPU = Debug|Any CPU
		Release|Any CPU = Release|Any CPU
	EndGlobalSection
	GlobalSection(ProjectConfigurationPlatforms) = postSolution
		{0B347695-6FAC-4E3A-9085-6E10D84EE571}.Debug|Any CPU.ActiveCfg = Debug|Any CPU
		{0B347695-6FAC-4E3A-9085-6E10D84EE571}.Debug|Any CPU.Build.0 = Debug|Any CPU
		{0B347695-6FAC-4E3A-9085-6E10D84EE571}.Release|Any CPU.ActiveCfg = Release|Any CPU
		{0B347695-6FAC-4E3A-9085-6E10D84EE571}.Release|Any CPU.Build.0 = Release|Any CPU
	EndGlobalSection
	GlobalSection(SolutionProperties) = preSolution
		HideSolutionNode = FALSE
	EndGlobalSection
	GlobalSection(ExtensibilityGlobals) = postSolution
		SolutionGuid = {0662F4E0-0111-4E41-979D-0F6315170800}
	EndGlobalSection
EndGlobal
